
Microsoft Visual Studio Solution File, Format Version 12.00
# Visual Studio Version 17
VisualStudioVersion = 17.1.32228.430
MinimumVisualStudioVersion = 10.0.40219.1
Project("{8BC9CEB8-8B4A-11D0-8D11-00A0C91BC942}") = "230214", "230214\230214.vcxproj", "{E487DB9A-D0BB-46EB-99C8-FAA44C1F615F}"
EndProject
Global
	GlobalSection(SolutionConfigurationPlatforms) = preSolution
		Debug|x64 = Debug|x64
		Debug|x86 = Debug|x86
		Release|x64 = Release|x64
		Release|x86 = Release|x86
	EndGlobalSection
	GlobalSection(ProjectConfigurationPlatforms) = postSolution
		{E487DB9A-D0BB-46EB-99C8-FAA44C1F615F}.Debug|x64.ActiveCfg = Debug|x64
		{E487DB9A-D0BB-46EB-99C8-FAA44C1F615F}.Debug|x64.Build.0 = Debug|x64
		{E487DB9A-D0BB-46EB-99C8-FAA44C1F615F}.Debug|x86.ActiveCfg = Debug|Win32
		{E487DB9A-D0BB-46EB-99C8-FAA44C1F615F}.Debug|x86.Build.0 = Debug|Win32
		{E487DB9A-D0BB-46EB-99C8-FAA44C1F615F}.Release|x64.ActiveCfg = Release|x64
		{E487DB9A-D0BB-46EB-99C8-FAA44C1F615F}.Release|x64.Build.0 = Release|x64
		{E487DB9A-D0BB-46EB-99C8-FAA44C1F615F}.Release|x86.ActiveCfg = Release|Win32
		{E487DB9A-D0BB-46EB-99C8-FAA44C1F615F}.Release|x86.Build.0 = Release|Win32
	EndGlobalSection
	GlobalSection(SolutionProperties) = preSolution
		HideSolutionNode = FALSE
	EndGlobalSection
	GlobalSection(ExtensibilityGlobals) = postSolution
		SolutionGuid = {81A2CC28-8D31-4213-8B4B-C5E67999F99A}
	EndGlobalSection
EndGlobal
